{
  "name": "can-sniffer",
  "version": "1.0.0",
  "lockfileVersion": 3,
  "requires": true,
  "packages": {
    "": {
      "name": "can-sniffer",
      "version": "1.0.0",
      "license": "MIT",
      "dependencies": {
        "@canola/core": "^0.0.1",
        "@types/blessed": "^0.1.25",
        "blessed": "^0.1.81"
      }
    },
    "node_modules/@canola/core": {
      "version": "0.0.1",
      "resolved": "https://registry.npmjs.org/@canola/core/-/core-0.0.1.tgz",
      "integrity": "sha512-Tbr6JripDZZD/B3mez4B0RGzNVL3AedysATLga/oS6aqDxDyULXBVHVAElbssOxqYxZjxgMXtdhPfYJ6r/u1Bw==",
      "license": "MIT",
      "dependencies": {
        "@rgrove/parse-xml": "^4.2.0",
        "blessed": "^0.1.81"
      },
      "engines": {
        "node": ">= 10"
      },
      "optionalDependencies": {
        "@canola/core-linux-arm-gnueabihf": "0.0.1",
        "@canola/core-linux-arm-musleabihf": "0.0.1",
        "@canola/core-linux-arm64-gnu": "0.0.1",
        "@canola/core-linux-arm64-musl": "0.0.1",
        "@canola/core-linux-riscv64-gnu": "0.0.1",
        "@canola/core-linux-x64-gnu": "0.0.1",
        "@canola/core-linux-x64-musl": "0.0.1"
      }
    },
    "node_modules/@canola/core-linux-arm-gnueabihf": {
      "version": "0.0.1",
      "resolved": "https://registry.npmjs.org/@canola/core-linux-arm-gnueabihf/-/core-linux-arm-gnueabihf-0.0.1.tgz",
      "integrity": "sha512-HVNetpG+dXHG0/LhoZf8uI9zM3ax5pK0wBHhMcB3O9sKZBBRTC3dn+GmI7iRO287Nl6Uai6IL9siJ69WNrJGEw==",
      "cpu": [
        "arm"
      ],
      "license": "MIT",
      "optional": true,
      "os": [
        "linux"
      ],
      "engines": {
        "node": ">= 10"
      }
    },
    "node_modules/@canola/core-linux-arm-musleabihf": {
      "version": "0.0.1",
      "resolved": "https://registry.npmjs.org/@canola/core-linux-arm-musleabihf/-/core-linux-arm-musleabihf-0.0.1.tgz",
      "integrity": "sha512-hShYmEsVytU18ujrtkxwDDjWZFjSSM32XGOKLAhAro6FniOWJsPdvK0gEMkd+G46CDfJAUCtABpoM7C9NOXgww==",
      "cpu": [
        "arm"
      ],
      "license": "MIT",
      "optional": true,
      "os": [
        "linux"
      ],
      "engines": {
        "node": ">= 10"
      }
    },
    "node_modules/@canola/core-linux-arm64-gnu": {
      "version": "0.0.1",
      "resolved": "https://registry.npmjs.org/@canola/core-linux-arm64-gnu/-/core-linux-arm64-gnu-0.0.1.tgz",
      "integrity": "sha512-Nqyo0quQ83wr0TkBXehzt/5Bj13oX/xnaY46hQsnZgdVer5OyMNNY+6irdWEsaYwe27QZZWSOxhD9Y7gtePZOg==",
      "cpu": [
        "arm64"
      ],
      "license": "MIT",
      "optional": true,
      "os": [
        "linux"
      ],
      "engines": {
        "node": ">= 10"
      }
    },
    "node_modules/@canola/core-linux-arm64-musl": {
      "version": "0.0.1",
      "resolved": "https://registry.npmjs.org/@canola/core-linux-arm64-musl/-/core-linux-arm64-musl-0.0.1.tgz",
      "integrity": "sha512-rGw/GdcpKSSZ7fFK5UnbIC/QzO7mgsHSHmDEvulp8SqTQrfO7pcKStiVYyOSy1z091Bvz1v9z6OJTRDXMdpcRA==",
      "cpu": [
        "arm64"
      ],
      "license": "MIT",
      "optional": true,
      "os": [
        "linux"
      ],
      "engines": {
        "node": ">= 10"
      }
    },
    "node_modules/@canola/core-linux-riscv64-gnu": {
      "version": "0.0.1",
      "resolved": "https://registry.npmjs.org/@canola/core-linux-riscv64-gnu/-/core-linux-riscv64-gnu-0.0.1.tgz",
      "integrity": "sha512-lfl1UgkpUetT+uEpfl79xZ6agaW+7w/Ym1lJyAj9tD4hJo51TTyV3/Mf0338r9dMvyuc88FJKx1XNZK+vUI09g==",
      "cpu": [
        "riscv64"
      ],
      "license": "MIT",
      "optional": true,
      "os": [
        "linux"
      ],
      "engines": {
        "node": ">= 10"
      }
    },
    "node_modules/@canola/core-linux-x64-gnu": {
      "version": "0.0.1",
      "resolved": "https://registry.npmjs.org/@canola/core-linux-x64-gnu/-/core-linux-x64-gnu-0.0.1.tgz",
      "integrity": "sha512-FmKOoaGIMi0bEvW2qK//VPGIp431enSUiWwNL94lxnmD2ul/UdQCmV9ULfd9dwUt90kR4FVUjyRmVCrNQ/Dq9A==",
      "cpu": [
        "x64"
      ],
      "license": "MIT",
      "optional": true,
      "os": [
        "linux"
      ],
      "engines": {
        "node": ">= 10"
      }
    },
    "node_modules/@canola/core-linux-x64-musl": {
      "version": "0.0.1",
      "resolved": "https://registry.npmjs.org/@canola/core-linux-x64-musl/-/core-linux-x64-musl-0.0.1.tgz",
      "integrity": "sha512-bkSv6mYleTi/K2/tlsuh0Mq9FRDbJfUcmGh9A3Sbo6svui8Q3vZBKsZmzjujMd3FYwbciv6hZNYcyH6mIacU3w==",
      "cpu": [
        "x64"
      ],
      "license": "MIT",
      "optional": true,
      "os": [
        "linux"
      ],
      "engines": {
        "node": ">= 10"
      }
    },
    "node_modules/@rgrove/parse-xml": {
      "version": "4.2.0",
      "resolved": "https://registry.npmjs.org/@rgrove/parse-xml/-/parse-xml-4.2.0.tgz",
      "integrity": "sha512-UuBOt7BOsKVOkFXRe4Ypd/lADuNIfqJXv8GvHqtXaTYXPPKkj2nS2zPllVsrtRjcomDhIJVBnZwfmlI222WH8g==",
      "license": "ISC",
      "engines": {
        "node": ">=14.0.0"
      }
    },
    "node_modules/@types/blessed": {
      "version": "0.1.25",
      "resolved": "https://registry.npmjs.org/@types/blessed/-/blessed-0.1.25.tgz",
      "integrity": "sha512-kQsjBgtsbJLmG6CJA+Z6Nujj+tq1fcSE3UIowbDvzQI4wWmoTV7djUDhSo5lDjgwpIN0oRvks0SA5mMdKE5eFg==",
      "license": "MIT",
      "dependencies": {
        "@types/node": "*"
      }
    },
    "node_modules/@types/node": {
      "version": "22.13.0",
      "resolved": "https://registry.npmjs.org/@types/node/-/node-22.13.0.tgz",
      "integrity": "sha512-ClIbNe36lawluuvq3+YYhnIN2CELi+6q8NpnM7PYp4hBn/TatfboPgVSm2rwKRfnV2M+Ty9GWDFI64KEe+kysA==",
      "license": "MIT",
      "dependencies": {
        "undici-types": "~6.20.0"
      }
    },
    "node_modules/blessed": {
      "version": "0.1.81",
      "resolved": "https://registry.npmjs.org/blessed/-/blessed-0.1.81.tgz",
      "integrity": "sha512-LoF5gae+hlmfORcG1M5+5XZi4LBmvlXTzwJWzUlPryN/SJdSflZvROM2TwkT0GMpq7oqT48NRd4GS7BiVBc5OQ==",
      "license": "MIT",
      "bin": {
        "blessed": "bin/tput.js"
      },
      "engines": {
        "node": ">= 0.8.0"
      }
    },
    "node_modules/undici-types": {
      "version": "6.20.0",
      "resolved": "https://registry.npmjs.org/undici-types/-/undici-types-6.20.0.tgz",
      "integrity": "sha512-Ny6QZ2Nju20vw1SRHe3d9jVu6gJ+4e3+MMpqu7pqE5HT6WsTSlce++GQmK5UXS8mzV8DSYHrQH+Xrf2jVcuKNg==",
      "license": "MIT"
    }
  }
}
